
Microsoft Visual Studio Solution File, Format Version 12.00
# Visual Studio 15
Project("{FAE04EC0-301F-11D3-BF4B-00C04F79EFBC}") = "UdpClientServer", "UdpClientServer\UdpClientServer.csproj", "{0BC23853-A729-47A1-B186-9CEB56987BD7}"
EndProject
Global
	GlobalSection(SolutionConfigurationPlatforms) = preSolution
		Debug|Any CPU = Debug|Any CPU
		Release|Any CPU = Release|Any CPU
	EndGlobalSection
	GlobalSection(ProjectConfigurationPlatforms) = postSolution
		{0BC23853-A729-47A1-B186-9CEB56987BD7}.Debug|Any CPU.ActiveCfg = Debug|Any CPU
		{0BC23853-A729-47A1-B186-9CEB56987BD7}.Debug|Any CPU.Build.0 = Debug|Any CPU
		{0BC23853-A729-47A1-B186-9CEB56987BD7}.Release|Any CPU.ActiveCfg = Release|Any CPU
		{0BC23853-A729-47A1-B186-9CEB56987BD7}.Release|Any CPU.Build.0 = Release|Any CPU
	EndGlobalSection
	GlobalSection(MonoDevelopProperties) = preSolution
		description = .NET  UdpClient Demonstration
		version = 1.0.0.1
	EndGlobalSection
EndGlobal
